
Microsoft Visual Studio Solution File, Format Version 12.00
# Visual Studio Version 17
VisualStudioVersion = 17.5.33516.290
MinimumVisualStudioVersion = 10.0.40219.1
Project("{FAE04EC0-301F-11D3-BF4B-00C04F79EFBC}") = "SpecFlowCalculator", "SpecFlowCalculator.csproj", "{AC07ED5E-CFDF-49B2-A9D2-C106BE48EC5F}"
EndProject
Project("{FAE04EC0-301F-11D3-BF4B-00C04F79EFBC}") = "SpecFlowProject1", "..\SpecFlowProject1\SpecFlowProject1.csproj", "{1824AEAF-F4CA-4F7A-A667-26C5DC945CCB}"
EndProject
Global
	GlobalSection(SolutionConfigurationPlatforms) = preSolution
		Debug|Any CPU = Debug|Any CPU
		Release|Any CPU = Release|Any CPU
	EndGlobalSection
	GlobalSection(ProjectConfigurationPlatforms) = postSolution
		{AC07ED5E-CFDF-49B2-A9D2-C106BE48EC5F}.Debug|Any CPU.ActiveCfg = Debug|Any CPU
		{AC07ED5E-CFDF-49B2-A9D2-C106BE48EC5F}.Debug|Any CPU.Build.0 = Debug|Any CPU
		{AC07ED5E-CFDF-49B2-A9D2-C106BE48EC5F}.Release|Any CPU.ActiveCfg = Release|Any CPU
		{AC07ED5E-CFDF-49B2-A9D2-C106BE48EC5F}.Release|Any CPU.Build.0 = Release|Any CPU
		{1824AEAF-F4CA-4F7A-A667-26C5DC945CCB}.Debug|Any CPU.ActiveCfg = Debug|Any CPU
		{1824AEAF-F4CA-4F7A-A667-26C5DC945CCB}.Debug|Any CPU.Build.0 = Debug|Any CPU
		{1824AEAF-F4CA-4F7A-A667-26C5DC945CCB}.Release|Any CPU.ActiveCfg = Release|Any CPU
		{1824AEAF-F4CA-4F7A-A667-26C5DC945CCB}.Release|Any CPU.Build.0 = Release|Any CPU
	EndGlobalSection
	GlobalSection(SolutionProperties) = preSolution
		HideSolutionNode = FALSE
	EndGlobalSection
	GlobalSection(ExtensibilityGlobals) = postSolution
		SolutionGuid = {E15C5149-1D2A-4627-ABE5-943FB249DA03}
	EndGlobalSection
EndGlobal
